
Microsoft Visual Studio Solution File, Format Version 12.00
# Visual Studio Version 16
VisualStudioVersion = 16.0.30104.148
MinimumVisualStudioVersion = 10.0.40219.1
Project("{FAE04EC0-301F-11D3-BF4B-00C04F79EFBC}") = "NTierArchitecture", "NTierArchitecture\NTierArchitecture.csproj", "{2AEC7570-A8CB-4C8C-BABF-1F9E30DEB6A1}"
EndProject
Project("{FAE04EC0-301F-11D3-BF4B-00C04F79EFBC}") = "DataAccessLayer", "DataAccessLayer\DataAccessLayer.csproj", "{A918B0D9-F7A1-43F1-88B7-BA666178C909}"
EndProject
Project("{FAE04EC0-301F-11D3-BF4B-00C04F79EFBC}") = "BusinessAccessLayer", "BusinessAccessLayer\BusinessAccessLayer.csproj", "{ECA5EF91-C327-4C81-A84E-E45564994390}"
EndProject
Global
	GlobalSection(SolutionConfigurationPlatforms) = preSolution
		Debug|Any CPU = Debug|Any CPU
		Release|Any CPU = Release|Any CPU
	EndGlobalSection
	GlobalSection(ProjectConfigurationPlatforms) = postSolution
		{2AEC7570-A8CB-4C8C-BABF-1F9E30DEB6A1}.Debug|Any CPU.ActiveCfg = Debug|Any CPU
		{2AEC7570-A8CB-4C8C-BABF-1F9E30DEB6A1}.Debug|Any CPU.Build.0 = Debug|Any CPU
		{2AEC7570-A8CB-4C8C-BABF-1F9E30DEB6A1}.Release|Any CPU.ActiveCfg = Release|Any CPU
		{2AEC7570-A8CB-4C8C-BABF-1F9E30DEB6A1}.Release|Any CPU.Build.0 = Release|Any CPU
		{A918B0D9-F7A1-43F1-88B7-BA666178C909}.Debug|Any CPU.ActiveCfg = Debug|Any CPU
		{A918B0D9-F7A1-43F1-88B7-BA666178C909}.Debug|Any CPU.Build.0 = Debug|Any CPU
		{A918B0D9-F7A1-43F1-88B7-BA666178C909}.Release|Any CPU.ActiveCfg = Release|Any CPU
		{A918B0D9-F7A1-43F1-88B7-BA666178C909}.Release|Any CPU.Build.0 = Release|Any CPU
		{ECA5EF91-C327-4C81-A84E-E45564994390}.Debug|Any CPU.ActiveCfg = Debug|Any CPU
		{ECA5EF91-C327-4C81-A84E-E45564994390}.Debug|Any CPU.Build.0 = Debug|Any CPU
		{ECA5EF91-C327-4C81-A84E-E45564994390}.Release|Any CPU.ActiveCfg = Release|Any CPU
		{ECA5EF91-C327-4C81-A84E-E45564994390}.Release|Any CPU.Build.0 = Release|Any CPU
	EndGlobalSection
	GlobalSection(SolutionProperties) = preSolution
		HideSolutionNode = FALSE
	EndGlobalSection
	GlobalSection(ExtensibilityGlobals) = postSolution
		SolutionGuid = {AEAD14DD-7957-469D-B224-AFC1729AD237}
	EndGlobalSection
EndGlobal
