
Microsoft Visual Studio Solution File, Format Version 12.00
# Visual Studio Version 16
VisualStudioVersion = 16.0.30611.23
MinimumVisualStudioVersion = 10.0.40219.1
Project("{9A19103F-16F7-4668-BE54-9A1E7A4F7556}") = "LinqQuery", "LinqQuery\LinqQuery.csproj", "{DA3093E6-FC0E-4121-AC30-09E82AE32FBC}"
EndProject
Global
	GlobalSection(SolutionConfigurationPlatforms) = preSolution
		Debug|Any CPU = Debug|Any CPU
		Release|Any CPU = Release|Any CPU
	EndGlobalSection
	GlobalSection(ProjectConfigurationPlatforms) = postSolution
		{DA3093E6-FC0E-4121-AC30-09E82AE32FBC}.Debug|Any CPU.ActiveCfg = Debug|Any CPU
		{DA3093E6-FC0E-4121-AC30-09E82AE32FBC}.Debug|Any CPU.Build.0 = Debug|Any CPU
		{DA3093E6-FC0E-4121-AC30-09E82AE32FBC}.Release|Any CPU.ActiveCfg = Release|Any CPU
		{DA3093E6-FC0E-4121-AC30-09E82AE32FBC}.Release|Any CPU.Build.0 = Release|Any CPU
	EndGlobalSection
	GlobalSection(SolutionProperties) = preSolution
		HideSolutionNode = FALSE
	EndGlobalSection
	GlobalSection(ExtensibilityGlobals) = postSolution
		SolutionGuid = {6BB7CF2F-F080-4BC8-8EEF-AE0C155E40BC}
	EndGlobalSection
EndGlobal
